
Microsoft Visual Studio Solution File, Format Version 12.00
# Visual Studio Version 17
VisualStudioVersion = 17.9.34701.34
MinimumVisualStudioVersion = 10.0.40219.1
Project("{FAE04EC0-301F-11D3-BF4B-00C04F79EFBC}") = "ChangeRequestAPI", "ChangeRequestAPI\ChangeRequestAPI.csproj", "{62DC0057-6738-4A90-9887-EBC4FBF12B7B}"
EndProject
Global
	GlobalSection(SolutionConfigurationPlatforms) = preSolution
		Debug|Any CPU = Debug|Any CPU
		Release|Any CPU = Release|Any CPU
	EndGlobalSection
	GlobalSection(ProjectConfigurationPlatforms) = postSolution
		{62DC0057-6738-4A90-9887-EBC4FBF12B7B}.Debug|Any CPU.ActiveCfg = Debug|Any CPU
		{62DC0057-6738-4A90-9887-EBC4FBF12B7B}.Debug|Any CPU.Build.0 = Debug|Any CPU
		{62DC0057-6738-4A90-9887-EBC4FBF12B7B}.Release|Any CPU.ActiveCfg = Release|Any CPU
		{62DC0057-6738-4A90-9887-EBC4FBF12B7B}.Release|Any CPU.Build.0 = Release|Any CPU
	EndGlobalSection
	GlobalSection(SolutionProperties) = preSolution
		HideSolutionNode = FALSE
	EndGlobalSection
	GlobalSection(ExtensibilityGlobals) = postSolution
		SolutionGuid = {57AE69A5-7FAE-49B3-BEA4-9DF7C1555CCE}
	EndGlobalSection
EndGlobal
